
Microsoft Visual Studio Solution File, Format Version 12.00
# Visual Studio 2012
Project("{FAE04EC0-301F-11D3-BF4B-00C04F79EFBC}") = "JsonFx", "JsonFx.csproj", "{D5B8DF32-8581-42CA-87A7-61EFD17B1770}"
EndProject
Global
	GlobalSection(SolutionConfigurationPlatforms) = preSolution
		Debug|Any CPU = Debug|Any CPU
		Release|Any CPU = Release|Any CPU
	EndGlobalSection
	GlobalSection(ProjectConfigurationPlatforms) = postSolution
		{D5B8DF32-8581-42CA-87A7-61EFD17B1770}.Debug|Any CPU.ActiveCfg = Debug|Any CPU
		{D5B8DF32-8581-42CA-87A7-61EFD17B1770}.Debug|Any CPU.Build.0 = Debug|Any CPU
		{D5B8DF32-8581-42CA-87A7-61EFD17B1770}.Release|Any CPU.ActiveCfg = Release|Any CPU
		{D5B8DF32-8581-42CA-87A7-61EFD17B1770}.Release|Any CPU.Build.0 = Release|Any CPU
	EndGlobalSection
	GlobalSection(MonoDevelopProperties) = preSolution
		StartupItem = JsonFx.csproj
	EndGlobalSection
EndGlobal
